{
	"name": "sn_forecast_engine",
	"version": "0.0.1",
	"lockfileVersion": 3,
	"requires": true,
	"packages": {
		"": {
			"name": "sn_forecast_engine",
			"version": "0.0.1",
			"dependencies": {
				"do-with-retry": ">=1.0.3"
			},
			"devDependencies": {
				"@types/node": ">=18.15.3"
			}
		},
		"node_modules/@types/node": {
			"version": "18.15.3",
			"resolved": "https://registry.npmjs.org/@types/node/-/node-18.15.3.tgz",
			"integrity": "sha512-p6ua9zBxz5otCmbpb5D3U4B5Nanw6Pk3PPyX05xnxbB/fRv71N7CPmORg7uAD5P70T0xmx1pzAx/FUfa5X+3cw==",
			"dev": true
		},
		"node_modules/do-with-retry": {
			"version": "1.0.3",
			"resolved": "https://registry.npmjs.org/do-with-retry/-/do-with-retry-1.0.3.tgz",
			"integrity": "sha512-RiwEGpt0PUDuj2OarrzTNEGsQr4jdb31Dw+8isKZ2ikZiLpv9ShfXWX5UcHI6yHE6Y78ShgpjMscnZi5G9E43g=="
		}
	}
}
