{
	"name": "sn_forecast_engine",
	"version": "0.0.1",
	"lockfileVersion": 3,
	"requires": true,
	"packages": {
		"": {
			"name": "sn_forecast_engine",
			"version": "0.0.1",
			"dependencies": {
				"fetch-retry": ">=5.0.4"
			},
			"devDependencies": {
				"@types/node": ">=18.15.3"
			}
		},
		"node_modules/@types/node": {
			"version": "18.15.3",
			"resolved": "https://registry.npmjs.org/@types/node/-/node-18.15.3.tgz",
			"integrity": "sha512-p6ua9zBxz5otCmbpb5D3U4B5Nanw6Pk3PPyX05xnxbB/fRv71N7CPmORg7uAD5P70T0xmx1pzAx/FUfa5X+3cw==",
			"dev": true
		},
		"node_modules/fetch-retry": {
			"version": "5.0.4",
			"resolved": "https://registry.npmjs.org/fetch-retry/-/fetch-retry-5.0.4.tgz",
			"integrity": "sha512-LXcdgpdcVedccGg0AZqg+S8lX/FCdwXD92WNZ5k5qsb0irRhSFsBOpcJt7oevyqT2/C2nEE0zSFNdBEpj3YOSw=="
		}
	}
}
